// !$*UTF8*$!
{
	archiveVersion = 1;
	classes = {
	};
	objectVersion = 51;
	objects = {

/* Begin PBXBuildFile section */
		1F9716F0412229A9BFA02A81 /* Pods_ytsInCodeUITests.framework in Frameworks */ = {isa = PBXBuildFile; fileRef = 62BF699997FD82FC8CA43F69 /* Pods_ytsInCodeUITests.framework */; };
		325C05802334919B00AE6432 /* APIRouter.swift in Sources */ = {isa = PBXBuildFile; fileRef = 325C057F2334919B00AE6432 /* APIRouter.swift */; };
		325C05822334932400AE6432 /* Constants.swift in Sources */ = {isa = PBXBuildFile; fileRef = 325C05812334932400AE6432 /* Constants.swift */; };
		325C0584233495C000AE6432 /* NetworkClient.swift in Sources */ = {isa = PBXBuildFile; fileRef = 325C0583233495C000AE6432 /* NetworkClient.swift */; };
		325C05872334985500AE6432 /* MoviesListInteractor.swift in Sources */ = {isa = PBXBuildFile; fileRef = 325C05862334985500AE6432 /* MoviesListInteractor.swift */; };
		325C058B2334A3E500AE6432 /* GetStartedViewController.swift in Sources */ = {isa = PBXBuildFile; fileRef = 325C058A2334A3E500AE6432 /* GetStartedViewController.swift */; };
		325C058E2334B64C00AE6432 /* MoviesRouter.swift in Sources */ = {isa = PBXBuildFile; fileRef = 325C058D2334B64C00AE6432 /* MoviesRouter.swift */; };
		325C05902334B99500AE6432 /* CollectionViewExtensions.swift in Sources */ = {isa = PBXBuildFile; fileRef = 325C058F2334B99500AE6432 /* CollectionViewExtensions.swift */; };
		325C05922334C4DE00AE6432 /* MoviesListView.swift in Sources */ = {isa = PBXBuildFile; fileRef = 325C05912334C4DE00AE6432 /* MoviesListView.swift */; };
		325C05942334C75600AE6432 /* GetStartedView.swift in Sources */ = {isa = PBXBuildFile; fileRef = 325C05932334C75600AE6432 /* GetStartedView.swift */; };
		325C05962334C86C00AE6432 /* MovieDetailsView.swift in Sources */ = {isa = PBXBuildFile; fileRef = 325C05952334C86C00AE6432 /* MovieDetailsView.swift */; };
		328685C82330AB42009B77EF /* AppDelegate.swift in Sources */ = {isa = PBXBuildFile; fileRef = 328685C72330AB42009B77EF /* AppDelegate.swift */; };
		328685CA2330AB42009B77EF /* ViewController.swift in Sources */ = {isa = PBXBuildFile; fileRef = 328685C92330AB42009B77EF /* ViewController.swift */; };
		328685CF2330AB45009B77EF /* Assets.xcassets in Resources */ = {isa = PBXBuildFile; fileRef = 328685CE2330AB45009B77EF /* Assets.xcassets */; };
		328685D22330AB45009B77EF /* LaunchScreen.storyboard in Resources */ = {isa = PBXBuildFile; fileRef = 328685D02330AB45009B77EF /* LaunchScreen.storyboard */; };
		328685DD2330AB45009B77EF /* ytsInCodeTests.swift in Sources */ = {isa = PBXBuildFile; fileRef = 328685DC2330AB45009B77EF /* ytsInCodeTests.swift */; };
		328685E82330AB45009B77EF /* ytsInCodeUITests.swift in Sources */ = {isa = PBXBuildFile; fileRef = 328685E72330AB45009B77EF /* ytsInCodeUITests.swift */; };
		328685F62330B7D7009B77EF /* UIView + ext.swift in Sources */ = {isa = PBXBuildFile; fileRef = 328685F52330B7D7009B77EF /* UIView + ext.swift */; };
		328685F82330BBD3009B77EF /* MoviesCollectionViewCell.swift in Sources */ = {isa = PBXBuildFile; fileRef = 328685F72330BBD3009B77EF /* MoviesCollectionViewCell.swift */; };
		328D8EEE2333869300FB2DCC /* MovieDetailsViewController.swift in Sources */ = {isa = PBXBuildFile; fileRef = 328D8EED2333869300FB2DCC /* MovieDetailsViewController.swift */; };
		328D8EF023339E6600FB2DCC /* Rating.swift in Sources */ = {isa = PBXBuildFile; fileRef = 328D8EEF23339E6600FB2DCC /* Rating.swift */; };
		328D8EF22333A82500FB2DCC /* MoviesPresenter.swift in Sources */ = {isa = PBXBuildFile; fileRef = 328D8EF12333A82500FB2DCC /* MoviesPresenter.swift */; };
		328D8EFA2333ACF700FB2DCC /* MovieDetailsPresenter.swift in Sources */ = {isa = PBXBuildFile; fileRef = 328D8EF92333ACF700FB2DCC /* MovieDetailsPresenter.swift */; };
		328D8EFE2333B03500FB2DCC /* MoviesListModel.swift in Sources */ = {isa = PBXBuildFile; fileRef = 328D8EFD2333B03500FB2DCC /* MoviesListModel.swift */; };
		ABC810D9430835D49B2B6E79 /* Pods_ytsInCode.framework in Frameworks */ = {isa = PBXBuildFile; fileRef = 51B61025E6A5EDFAE53F97EF /* Pods_ytsInCode.framework */; };
		BDA5ACAF421CBC30FCB157C7 /* Pods_ytsInCodeTests.framework in Frameworks */ = {isa = PBXBuildFile; fileRef = 89D5832166CDEFD3D2AB3A9E /* Pods_ytsInCodeTests.framework */; };
/* End PBXBuildFile section */

/* Begin PBXContainerItemProxy section */
		328685D92330AB45009B77EF /* PBXContainerItemProxy */ = {
			isa = PBXContainerItemProxy;
			containerPortal = 328685BC2330AB42009B77EF /* Project object */;
			proxyType = 1;
			remoteGlobalIDString = 328685C32330AB42009B77EF;
			remoteInfo = ytsInCode;
		};
		328685E42330AB45009B77EF /* PBXContainerItemProxy */ = {
			isa = PBXContainerItemProxy;
			containerPortal = 328685BC2330AB42009B77EF /* Project object */;
			proxyType = 1;
			remoteGlobalIDString = 328685C32330AB42009B77EF;
			remoteInfo = ytsInCode;
		};
/* End PBXContainerItemProxy section */

/* Begin PBXFileReference section */
		0F1CD06647C8B5832D02DE0D /* Pods-ytsInCodeTests.debug.xcconfig */ = {isa = PBXFileReference; includeInIndex = 1; lastKnownFileType = text.xcconfig; name = "Pods-ytsInCodeTests.debug.xcconfig"; path = "Target Support Files/Pods-ytsInCodeTests/Pods-ytsInCodeTests.debug.xcconfig"; sourceTree = "<group>"; };
		325C057F2334919B00AE6432 /* APIRouter.swift */ = {isa = PBXFileReference; lastKnownFileType = sourcecode.swift; path = APIRouter.swift; sourceTree = "<group>"; };
		325C05812334932400AE6432 /* Constants.swift */ = {isa = PBXFileReference; lastKnownFileType = sourcecode.swift; path = Constants.swift; sourceTree = "<group>"; };
		325C0583233495C000AE6432 /* NetworkClient.swift */ = {isa = PBXFileReference; lastKnownFileType = sourcecode.swift; path = NetworkClient.swift; sourceTree = "<group>"; };
		325C05862334985500AE6432 /* MoviesListInteractor.swift */ = {isa = PBXFileReference; lastKnownFileType = sourcecode.swift; path = MoviesListInteractor.swift; sourceTree = "<group>"; };
		325C058A2334A3E500AE6432 /* GetStartedViewController.swift */ = {isa = PBXFileReference; lastKnownFileType = sourcecode.swift; path = GetStartedViewController.swift; sourceTree = "<group>"; };
		325C058D2334B64C00AE6432 /* MoviesRouter.swift */ = {isa = PBXFileReference; lastKnownFileType = sourcecode.swift; path = MoviesRouter.swift; sourceTree = "<group>"; };
		325C058F2334B99500AE6432 /* CollectionViewExtensions.swift */ = {isa = PBXFileReference; lastKnownFileType = sourcecode.swift; path = CollectionViewExtensions.swift; sourceTree = "<group>"; };
		325C05912334C4DE00AE6432 /* MoviesListView.swift */ = {isa = PBXFileReference; lastKnownFileType = sourcecode.swift; path = MoviesListView.swift; sourceTree = "<group>"; };
		325C05932334C75600AE6432 /* GetStartedView.swift */ = {isa = PBXFileReference; lastKnownFileType = sourcecode.swift; path = GetStartedView.swift; sourceTree = "<group>"; };
		325C05952334C86C00AE6432 /* MovieDetailsView.swift */ = {isa = PBXFileReference; lastKnownFileType = sourcecode.swift; path = MovieDetailsView.swift; sourceTree = "<group>"; };
		328685C42330AB42009B77EF /* ytsInCode.app */ = {isa = PBXFileReference; explicitFileType = wrapper.application; includeInIndex = 0; path = ytsInCode.app; sourceTree = BUILT_PRODUCTS_DIR; };
		328685C72330AB42009B77EF /* AppDelegate.swift */ = {isa = PBXFileReference; lastKnownFileType = sourcecode.swift; path = AppDelegate.swift; sourceTree = "<group>"; };
		328685C92330AB42009B77EF /* ViewController.swift */ = {isa = PBXFileReference; lastKnownFileType = sourcecode.swift; path = ViewController.swift; sourceTree = "<group>"; };
		328685CE2330AB45009B77EF /* Assets.xcassets */ = {isa = PBXFileReference; lastKnownFileType = folder.assetcatalog; path = Assets.xcassets; sourceTree = "<group>"; };
		328685D12330AB45009B77EF /* Base */ = {isa = PBXFileReference; lastKnownFileType = file.storyboard; name = Base; path = Base.lproj/LaunchScreen.storyboard; sourceTree = "<group>"; };
		328685D32330AB45009B77EF /* Info.plist */ = {isa = PBXFileReference; lastKnownFileType = text.plist.xml; path = Info.plist; sourceTree = "<group>"; };
		328685D82330AB45009B77EF /* ytsInCodeTests.xctest */ = {isa = PBXFileReference; explicitFileType = wrapper.cfbundle; includeInIndex = 0; path = ytsInCodeTests.xctest; sourceTree = BUILT_PRODUCTS_DIR; };
		328685DC2330AB45009B77EF /* ytsInCodeTests.swift */ = {isa = PBXFileReference; lastKnownFileType = sourcecode.swift; path = ytsInCodeTests.swift; sourceTree = "<group>"; };
		328685DE2330AB45009B77EF /* Info.plist */ = {isa = PBXFileReference; lastKnownFileType = text.plist.xml; path = Info.plist; sourceTree = "<group>"; };
		328685E32330AB45009B77EF /* ytsInCodeUITests.xctest */ = {isa = PBXFileReference; explicitFileType = wrapper.cfbundle; includeInIndex = 0; path = ytsInCodeUITests.xctest; sourceTree = BUILT_PRODUCTS_DIR; };
		328685E72330AB45009B77EF /* ytsInCodeUITests.swift */ = {isa = PBXFileReference; lastKnownFileType = sourcecode.swift; path = ytsInCodeUITests.swift; sourceTree = "<group>"; };
		328685E92330AB45009B77EF /* Info.plist */ = {isa = PBXFileReference; lastKnownFileType = text.plist.xml; path = Info.plist; sourceTree = "<group>"; };
		328685F52330B7D7009B77EF /* UIView + ext.swift */ = {isa = PBXFileReference; lastKnownFileType = sourcecode.swift; path = "UIView + ext.swift"; sourceTree = "<group>"; };
		328685F72330BBD3009B77EF /* MoviesCollectionViewCell.swift */ = {isa = PBXFileReference; lastKnownFileType = sourcecode.swift; path = MoviesCollectionViewCell.swift; sourceTree = "<group>"; };
		328D8EED2333869300FB2DCC /* MovieDetailsViewController.swift */ = {isa = PBXFileReference; lastKnownFileType = sourcecode.swift; path = MovieDetailsViewController.swift; sourceTree = "<group>"; };
		328D8EEF23339E6600FB2DCC /* Rating.swift */ = {isa = PBXFileReference; lastKnownFileType = sourcecode.swift; path = Rating.swift; sourceTree = "<group>"; };
		328D8EF12333A82500FB2DCC /* MoviesPresenter.swift */ = {isa = PBXFileReference; lastKnownFileType = sourcecode.swift; path = MoviesPresenter.swift; sourceTree = "<group>"; };
		328D8EF92333ACF700FB2DCC /* MovieDetailsPresenter.swift */ = {isa = PBXFileReference; lastKnownFileType = sourcecode.swift; path = MovieDetailsPresenter.swift; sourceTree = "<group>"; };
		328D8EFD2333B03500FB2DCC /* MoviesListModel.swift */ = {isa = PBXFileReference; lastKnownFileType = sourcecode.swift; path = MoviesListModel.swift; sourceTree = "<group>"; };
		4523533987F55597B26ACCCB /* Pods-ytsInCode.release.xcconfig */ = {isa = PBXFileReference; includeInIndex = 1; lastKnownFileType = text.xcconfig; name = "Pods-ytsInCode.release.xcconfig"; path = "Target Support Files/Pods-ytsInCode/Pods-ytsInCode.release.xcconfig"; sourceTree = "<group>"; };
		471B7D194F78EC9DA2A37A4C /* Pods-ytsInCodeUITests.debug.xcconfig */ = {isa = PBXFileReference; includeInIndex = 1; lastKnownFileType = text.xcconfig; name = "Pods-ytsInCodeUITests.debug.xcconfig"; path = "Target Support Files/Pods-ytsInCodeUITests/Pods-ytsInCodeUITests.debug.xcconfig"; sourceTree = "<group>"; };
		51B61025E6A5EDFAE53F97EF /* Pods_ytsInCode.framework */ = {isa = PBXFileReference; explicitFileType = wrapper.framework; includeInIndex = 0; path = Pods_ytsInCode.framework; sourceTree = BUILT_PRODUCTS_DIR; };
		62BF699997FD82FC8CA43F69 /* Pods_ytsInCodeUITests.framework */ = {isa = PBXFileReference; explicitFileType = wrapper.framework; includeInIndex = 0; path = Pods_ytsInCodeUITests.framework; sourceTree = BUILT_PRODUCTS_DIR; };
		6F8F50D0D188FBD699E70CCA /* Pods-ytsInCode.debug.xcconfig */ = {isa = PBXFileReference; includeInIndex = 1; lastKnownFileType = text.xcconfig; name = "Pods-ytsInCode.debug.xcconfig"; path = "Target Support Files/Pods-ytsInCode/Pods-ytsInCode.debug.xcconfig"; sourceTree = "<group>"; };
		89D5832166CDEFD3D2AB3A9E /* Pods_ytsInCodeTests.framework */ = {isa = PBXFileReference; explicitFileType = wrapper.framework; includeInIndex = 0; path = Pods_ytsInCodeTests.framework; sourceTree = BUILT_PRODUCTS_DIR; };
		E90B8D80F0E6C4DB87DEA77F /* Pods-ytsInCodeTests.release.xcconfig */ = {isa = PBXFileReference; includeInIndex = 1; lastKnownFileType = text.xcconfig; name = "Pods-ytsInCodeTests.release.xcconfig"; path = "Target Support Files/Pods-ytsInCodeTests/Pods-ytsInCodeTests.release.xcconfig"; sourceTree = "<group>"; };
		FEBDE40F2F06A4D22C6CDB9F /* Pods-ytsInCodeUITests.release.xcconfig */ = {isa = PBXFileReference; includeInIndex = 1; lastKnownFileType = text.xcconfig; name = "Pods-ytsInCodeUITests.release.xcconfig"; path = "Target Support Files/Pods-ytsInCodeUITests/Pods-ytsInCodeUITests.release.xcconfig"; sourceTree = "<group>"; };
/* End PBXFileReference section */

/* Begin PBXFrameworksBuildPhase section */
		328685C12330AB42009B77EF /* Frameworks */ = {
			isa = PBXFrameworksBuildPhase;
			buildActionMask = 2147483647;
			files = (
				ABC810D9430835D49B2B6E79 /* Pods_ytsInCode.framework in Frameworks */,
			);
			runOnlyForDeploymentPostprocessing = 0;
		};
		328685D52330AB45009B77EF /* Frameworks */ = {
			isa = PBXFrameworksBuildPhase;
			buildActionMask = 2147483647;
			files = (
				BDA5ACAF421CBC30FCB157C7 /* Pods_ytsInCodeTests.framework in Frameworks */,
			);
			runOnlyForDeploymentPostprocessing = 0;
		};
		328685E02330AB45009B77EF /* Frameworks */ = {
			isa = PBXFrameworksBuildPhase;
			buildActionMask = 2147483647;
			files = (
				1F9716F0412229A9BFA02A81 /* Pods_ytsInCodeUITests.framework in Frameworks */,
			);
			runOnlyForDeploymentPostprocessing = 0;
		};
/* End PBXFrameworksBuildPhase section */

/* Begin PBXGroup section */
		325C057E2334917900AE6432 /* NetworkLayer */ = {
			isa = PBXGroup;
			children = (
				325C057F2334919B00AE6432 /* APIRouter.swift */,
				325C05812334932400AE6432 /* Constants.swift */,
				325C0583233495C000AE6432 /* NetworkClient.swift */,
			);
			path = NetworkLayer;
			sourceTree = "<group>";
		};
		325C05852334983400AE6432 /* Interactor */ = {
			isa = PBXGroup;
			children = (
				325C05862334985500AE6432 /* MoviesListInteractor.swift */,
			);
			path = Interactor;
			sourceTree = "<group>";
		};
		325C05882334A3BB00AE6432 /* Scenes */ = {
			isa = PBXGroup;
			children = (
				325C05892334A3CF00AE6432 /* GetStartedScene */,
				328D8EF32333AC8700FB2DCC /* MoviesListScene */,
				328D8EF42333ACA000FB2DCC /* MovieDetilsScene */,
			);
			path = Scenes;
			sourceTree = "<group>";
		};
		325C05892334A3CF00AE6432 /* GetStartedScene */ = {
			isa = PBXGroup;
			children = (
				325C058A2334A3E500AE6432 /* GetStartedViewController.swift */,
				325C05932334C75600AE6432 /* GetStartedView.swift */,
			);
			path = GetStartedScene;
			sourceTree = "<group>";
		};
		325C058C2334B63800AE6432 /* Router */ = {
			isa = PBXGroup;
			children = (
				325C058D2334B64C00AE6432 /* MoviesRouter.swift */,
			);
			path = Router;
			sourceTree = "<group>";
		};
		328685BB2330AB42009B77EF = {
			isa = PBXGroup;
			children = (
				328685C62330AB42009B77EF /* ytsInCode */,
				328685DB2330AB45009B77EF /* ytsInCodeTests */,
				328685E62330AB45009B77EF /* ytsInCodeUITests */,
				328685C52330AB42009B77EF /* Products */,
				B42DC43FD336F3F829D784D5 /* Pods */,
				564D5E15462E918303972EAA /* Frameworks */,
			);
			sourceTree = "<group>";
		};
		328685C52330AB42009B77EF /* Products */ = {
			isa = PBXGroup;
			children = (
				328685C42330AB42009B77EF /* ytsInCode.app */,
				328685D82330AB45009B77EF /* ytsInCodeTests.xctest */,
				328685E32330AB45009B77EF /* ytsInCodeUITests.xctest */,
			);
			name = Products;
			sourceTree = "<group>";
		};
		328685C62330AB42009B77EF /* ytsInCode */ = {
			isa = PBXGroup;
			children = (
				325C05882334A3BB00AE6432 /* Scenes */,
				325C057E2334917900AE6432 /* NetworkLayer */,
				328D8EFB2333AEBC00FB2DCC /* Helpers */,
				328685C72330AB42009B77EF /* AppDelegate.swift */,
				328685CE2330AB45009B77EF /* Assets.xcassets */,
				328685D02330AB45009B77EF /* LaunchScreen.storyboard */,
				328685D32330AB45009B77EF /* Info.plist */,
			);
			path = ytsInCode;
			sourceTree = "<group>";
		};
		328685DB2330AB45009B77EF /* ytsInCodeTests */ = {
			isa = PBXGroup;
			children = (
				328685DC2330AB45009B77EF /* ytsInCodeTests.swift */,
				328685DE2330AB45009B77EF /* Info.plist */,
			);
			path = ytsInCodeTests;
			sourceTree = "<group>";
		};
		328685E62330AB45009B77EF /* ytsInCodeUITests */ = {
			isa = PBXGroup;
			children = (
				328685E72330AB45009B77EF /* ytsInCodeUITests.swift */,
				328685E92330AB45009B77EF /* Info.plist */,
			);
			path = ytsInCodeUITests;
			sourceTree = "<group>";
		};
		328D8EF32333AC8700FB2DCC /* MoviesListScene */ = {
			isa = PBXGroup;
			children = (
				325C058C2334B63800AE6432 /* Router */,
				325C05852334983400AE6432 /* Interactor */,
				328D8EFC2333B01C00FB2DCC /* Model */,
				328D8EF62333ACC900FB2DCC /* presenter */,
				328D8EF52333ACC300FB2DCC /* View */,
			);
			path = MoviesListScene;
			sourceTree = "<group>";
		};
		328D8EF42333ACA000FB2DCC /* MovieDetilsScene */ = {
			isa = PBXGroup;
			children = (
				328D8EF82333ACE600FB2DCC /* Presenter */,
				328D8EF72333ACDA00FB2DCC /* View */,
			);
			path = MovieDetilsScene;
			sourceTree = "<group>";
		};
		328D8EF52333ACC300FB2DCC /* View */ = {
			isa = PBXGroup;
			children = (
				328685C92330AB42009B77EF /* ViewController.swift */,
				328685F72330BBD3009B77EF /* MoviesCollectionViewCell.swift */,
				325C05912334C4DE00AE6432 /* MoviesListView.swift */,
			);
			path = View;
			sourceTree = "<group>";
		};
		328D8EF62333ACC900FB2DCC /* presenter */ = {
			isa = PBXGroup;
			children = (
				328D8EF12333A82500FB2DCC /* MoviesPresenter.swift */,
			);
			path = presenter;
			sourceTree = "<group>";
		};
		328D8EF72333ACDA00FB2DCC /* View */ = {
			isa = PBXGroup;
			children = (
				328D8EED2333869300FB2DCC /* MovieDetailsViewController.swift */,
				325C05952334C86C00AE6432 /* MovieDetailsView.swift */,
			);
			path = View;
			sourceTree = "<group>";
		};
		328D8EF82333ACE600FB2DCC /* Presenter */ = {
			isa = PBXGroup;
			children = (
				328D8EF92333ACF700FB2DCC /* MovieDetailsPresenter.swift */,
			);
			path = Presenter;
			sourceTree = "<group>";
		};
		328D8EFB2333AEBC00FB2DCC /* Helpers */ = {
			isa = PBXGroup;
			children = (
				328D8EEF23339E6600FB2DCC /* Rating.swift */,
				328685F52330B7D7009B77EF /* UIView + ext.swift */,
				325C058F2334B99500AE6432 /* CollectionViewExtensions.swift */,
			);
			path = Helpers;
			sourceTree = "<group>";
		};
		328D8EFC2333B01C00FB2DCC /* Model */ = {
			isa = PBXGroup;
			children = (
				328D8EFD2333B03500FB2DCC /* MoviesListModel.swift */,
			);
			path = Model;
			sourceTree = "<group>";
		};
		564D5E15462E918303972EAA /* Frameworks */ = {
			isa = PBXGroup;
			children = (
				51B61025E6A5EDFAE53F97EF /* Pods_ytsInCode.framework */,
				89D5832166CDEFD3D2AB3A9E /* Pods_ytsInCodeTests.framework */,
				62BF699997FD82FC8CA43F69 /* Pods_ytsInCodeUITests.framework */,
			);
			name = Frameworks;
			sourceTree = "<group>";
		};
		B42DC43FD336F3F829D784D5 /* Pods */ = {
			isa = PBXGroup;
			children = (
				6F8F50D0D188FBD699E70CCA /* Pods-ytsInCode.debug.xcconfig */,
				4523533987F55597B26ACCCB /* Pods-ytsInCode.release.xcconfig */,
				0F1CD06647C8B5832D02DE0D /* Pods-ytsInCodeTests.debug.xcconfig */,
				E90B8D80F0E6C4DB87DEA77F /* Pods-ytsInCodeTests.release.xcconfig */,
				471B7D194F78EC9DA2A37A4C /* Pods-ytsInCodeUITests.debug.xcconfig */,
				FEBDE40F2F06A4D22C6CDB9F /* Pods-ytsInCodeUITests.release.xcconfig */,
			);
			path = Pods;
			sourceTree = "<group>";
		};
/* End PBXGroup section */

/* Begin PBXNativeTarget section */
		328685C32330AB42009B77EF /* ytsInCode */ = {
			isa = PBXNativeTarget;
			buildConfigurationList = 328685EC2330AB45009B77EF /* Build configuration list for PBXNativeTarget "ytsInCode" */;
			buildPhases = (
				57DD7B461B865B0F526C3108 /* [CP] Check Pods Manifest.lock */,
				328685C02330AB42009B77EF /* Sources */,
				328685C12330AB42009B77EF /* Frameworks */,
				328685C22330AB42009B77EF /* Resources */,
				D9038038EE55F523BFE4C75D /* [CP] Embed Pods Frameworks */,
			);
			buildRules = (
			);
			dependencies = (
			);
			name = ytsInCode;
			productName = ytsInCode;
			productReference = 328685C42330AB42009B77EF /* ytsInCode.app */;
			productType = "com.apple.product-type.application";
		};
		328685D72330AB45009B77EF /* ytsInCodeTests */ = {
			isa = PBXNativeTarget;
			buildConfigurationList = 328685EF2330AB45009B77EF /* Build configuration list for PBXNativeTarget "ytsInCodeTests" */;
			buildPhases = (
				E9E2BC80E25F4DBE8F36DF38 /* [CP] Check Pods Manifest.lock */,
				328685D42330AB45009B77EF /* Sources */,
				328685D52330AB45009B77EF /* Frameworks */,
				328685D62330AB45009B77EF /* Resources */,
			);
			buildRules = (
			);
			dependencies = (
				328685DA2330AB45009B77EF /* PBXTargetDependency */,
			);
			name = ytsInCodeTests;
			productName = ytsInCodeTests;
			productReference = 328685D82330AB45009B77EF /* ytsInCodeTests.xctest */;
			productType = "com.apple.product-type.bundle.unit-test";
		};
		328685E22330AB45009B77EF /* ytsInCodeUITests */ = {
			isa = PBXNativeTarget;
			buildConfigurationList = 328685F22330AB45009B77EF /* Build configuration list for PBXNativeTarget "ytsInCodeUITests" */;
			buildPhases = (
				CCD99EB712CE3B6CC74C2FDA /* [CP] Check Pods Manifest.lock */,
				328685DF2330AB45009B77EF /* Sources */,
				328685E02330AB45009B77EF /* Frameworks */,
				328685E12330AB45009B77EF /* Resources */,
			);
			buildRules = (
			);
			dependencies = (
				328685E52330AB45009B77EF /* PBXTargetDependency */,
			);
			name = ytsInCodeUITests;
			productName = ytsInCodeUITests;
			productReference = 328685E32330AB45009B77EF /* ytsInCodeUITests.xctest */;
			productType = "com.apple.product-type.bundle.ui-testing";
		};
/* End PBXNativeTarget section */

/* Begin PBXProject section */
		328685BC2330AB42009B77EF /* Project object */ = {
			isa = PBXProject;
			attributes = {
				LastSwiftUpdateCheck = 1030;
				LastUpgradeCheck = 1030;
				ORGANIZATIONNAME = "zyad galal";
				TargetAttributes = {
					328685C32330AB42009B77EF = {
						CreatedOnToolsVersion = 10.3;
					};
					328685D72330AB45009B77EF = {
						CreatedOnToolsVersion = 10.3;
						TestTargetID = 328685C32330AB42009B77EF;
					};
					328685E22330AB45009B77EF = {
						CreatedOnToolsVersion = 10.3;
						TestTargetID = 328685C32330AB42009B77EF;
					};
				};
			};
			buildConfigurationList = 328685BF2330AB42009B77EF /* Build configuration list for PBXProject "ytsInCode" */;
			compatibilityVersion = "Xcode 9.3";
			developmentRegion = en;
			hasScannedForEncodings = 0;
			knownRegions = (
				en,
				Base,
			);
			mainGroup = 328685BB2330AB42009B77EF;
			productRefGroup = 328685C52330AB42009B77EF /* Products */;
			projectDirPath = "";
			projectRoot = "";
			targets = (
				328685C32330AB42009B77EF /* ytsInCode */,
				328685D72330AB45009B77EF /* ytsInCodeTests */,
				328685E22330AB45009B77EF /* ytsInCodeUITests */,
			);
		};
/* End PBXProject section */

/* Begin PBXResourcesBuildPhase section */
		328685C22330AB42009B77EF /* Resources */ = {
			isa = PBXResourcesBuildPhase;
			buildActionMask = 2147483647;
			files = (
				328685D22330AB45009B77EF /* LaunchScreen.storyboard in Resources */,
				328685CF2330AB45009B77EF /* Assets.xcassets in Resources */,
			);
			runOnlyForDeploymentPostprocessing = 0;
		};
		328685D62330AB45009B77EF /* Resources */ = {
			isa = PBXResourcesBuildPhase;
			buildActionMask = 2147483647;
			files = (
			);
			runOnlyForDeploymentPostprocessing = 0;
		};
		328685E12330AB45009B77EF /* Resources */ = {
			isa = PBXResourcesBuildPhase;
			buildActionMask = 2147483647;
			files = (
			);
			runOnlyForDeploymentPostprocessing = 0;
		};
/* End PBXResourcesBuildPhase section */

/* Begin PBXShellScriptBuildPhase section */
		57DD7B461B865B0F526C3108 /* [CP] Check Pods Manifest.lock */ = {
			isa = PBXShellScriptBuildPhase;
			buildActionMask = 2147483647;
			files = (
			);
			inputFileListPaths = (
			);
			inputPaths = (
				"${PODS_PODFILE_DIR_PATH}/Podfile.lock",
				"${PODS_ROOT}/Manifest.lock",
			);
			name = "[CP] Check Pods Manifest.lock";
			outputFileListPaths = (
			);
			outputPaths = (
				"$(DERIVED_FILE_DIR)/Pods-ytsInCode-checkManifestLockResult.txt",
			);
			runOnlyForDeploymentPostprocessing = 0;
			shellPath = /bin/sh;
			shellScript = "diff \"${PODS_PODFILE_DIR_PATH}/Podfile.lock\" \"${PODS_ROOT}/Manifest.lock\" > /dev/null\nif [ $? != 0 ] ; then\n    # print error to STDERR\n    echo \"error: The sandbox is not in sync with the Podfile.lock. Run 'pod install' or update your CocoaPods installation.\" >&2\n    exit 1\nfi\n# This output is used by Xcode 'outputs' to avoid re-running this script phase.\necho \"SUCCESS\" > \"${SCRIPT_OUTPUT_FILE_0}\"\n";
			showEnvVarsInLog = 0;
		};
		CCD99EB712CE3B6CC74C2FDA /* [CP] Check Pods Manifest.lock */ = {
			isa = PBXShellScriptBuildPhase;
			buildActionMask = 2147483647;
			files = (
			);
			inputFileListPaths = (
			);
			inputPaths = (
				"${PODS_PODFILE_DIR_PATH}/Podfile.lock",
				"${PODS_ROOT}/Manifest.lock",
			);
			name = "[CP] Check Pods Manifest.lock";
			outputFileListPaths = (
			);
			outputPaths = (
				"$(DERIVED_FILE_DIR)/Pods-ytsInCodeUITests-checkManifestLockResult.txt",
			);
			runOnlyForDeploymentPostprocessing = 0;
			shellPath = /bin/sh;
			shellScript = "diff \"${PODS_PODFILE_DIR_PATH}/Podfile.lock\" \"${PODS_ROOT}/Manifest.lock\" > /dev/null\nif [ $? != 0 ] ; then\n    # print error to STDERR\n    echo \"error: The sandbox is not in sync with the Podfile.lock. Run 'pod install' or update your CocoaPods installation.\" >&2\n    exit 1\nfi\n# This output is used by Xcode 'outputs' to avoid re-running this script phase.\necho \"SUCCESS\" > \"${SCRIPT_OUTPUT_FILE_0}\"\n";
			showEnvVarsInLog = 0;
		};
		D9038038EE55F523BFE4C75D /* [CP] Embed Pods Frameworks */ = {
			isa = PBXShellScriptBuildPhase;
			buildActionMask = 2147483647;
			files = (
			);
			inputFileListPaths = (
				"${PODS_ROOT}/Target Support Files/Pods-ytsInCode/Pods-ytsInCode-frameworks-${CONFIGURATION}-input-files.xcfilelist",
			);
			name = "[CP] Embed Pods Frameworks";
			outputFileListPaths = (
				"${PODS_ROOT}/Target Support Files/Pods-ytsInCode/Pods-ytsInCode-frameworks-${CONFIGURATION}-output-files.xcfilelist",
			);
			runOnlyForDeploymentPostprocessing = 0;
			shellPath = /bin/sh;
			shellScript = "\"${PODS_ROOT}/Target Support Files/Pods-ytsInCode/Pods-ytsInCode-frameworks.sh\"\n";
			showEnvVarsInLog = 0;
		};
		E9E2BC80E25F4DBE8F36DF38 /* [CP] Check Pods Manifest.lock */ = {
			isa = PBXShellScriptBuildPhase;
			buildActionMask = 2147483647;
			files = (
			);
			inputFileListPaths = (
			);
			inputPaths = (
				"${PODS_PODFILE_DIR_PATH}/Podfile.lock",
				"${PODS_ROOT}/Manifest.lock",
			);
			name = "[CP] Check Pods Manifest.lock";
			outputFileListPaths = (
			);
			outputPaths = (
				"$(DERIVED_FILE_DIR)/Pods-ytsInCodeTests-checkManifestLockResult.txt",
			);
			runOnlyForDeploymentPostprocessing = 0;
			shellPath = /bin/sh;
			shellScript = "diff \"${PODS_PODFILE_DIR_PATH}/Podfile.lock\" \"${PODS_ROOT}/Manifest.lock\" > /dev/null\nif [ $? != 0 ] ; then\n    # print error to STDERR\n    echo \"error: The sandbox is not in sync with the Podfile.lock. Run 'pod install' or update your CocoaPods installation.\" >&2\n    exit 1\nfi\n# This output is used by Xcode 'outputs' to avoid re-running this script phase.\necho \"SUCCESS\" > \"${SCRIPT_OUTPUT_FILE_0}\"\n";
			showEnvVarsInLog = 0;
		};
/* End PBXShellScriptBuildPhase section */

/* Begin PBXSourcesBuildPhase section */
		328685C02330AB42009B77EF /* Sources */ = {
			isa = PBXSourcesBuildPhase;
			buildActionMask = 2147483647;
			files = (
				325C05902334B99500AE6432 /* CollectionViewExtensions.swift in Sources */,
				325C05922334C4DE00AE6432 /* MoviesListView.swift in Sources */,
				328D8EF22333A82500FB2DCC /* MoviesPresenter.swift in Sources */,
				325C05822334932400AE6432 /* Constants.swift in Sources */,
				325C05962334C86C00AE6432 /* MovieDetailsView.swift in Sources */,
				325C05802334919B00AE6432 /* APIRouter.swift in Sources */,
				325C05872334985500AE6432 /* MoviesListInteractor.swift in Sources */,
				328D8EF023339E6600FB2DCC /* Rating.swift in Sources */,
				325C058B2334A3E500AE6432 /* GetStartedViewController.swift in Sources */,
				328D8EFE2333B03500FB2DCC /* MoviesListModel.swift in Sources */,
				328D8EEE2333869300FB2DCC /* MovieDetailsViewController.swift in Sources */,
				328685CA2330AB42009B77EF /* ViewController.swift in Sources */,
				328D8EFA2333ACF700FB2DCC /* MovieDetailsPresenter.swift in Sources */,
				325C058E2334B64C00AE6432 /* MoviesRouter.swift in Sources */,
				325C05942334C75600AE6432 /* GetStartedView.swift in Sources */,
				328685F62330B7D7009B77EF /* UIView + ext.swift in Sources */,
				328685C82330AB42009B77EF /* AppDelegate.swift in Sources */,
				328685F82330BBD3009B77EF /* MoviesCollectionViewCell.swift in Sources */,
				325C0584233495C000AE6432 /* NetworkClient.swift in Sources */,
			);
			runOnlyForDeploymentPostprocessing = 0;
		};
		328685D42330AB45009B77EF /* Sources */ = {
			isa = PBXSourcesBuildPhase;
			buildActionMask = 2147483647;
			files = (
				328685DD2330AB45009B77EF /* ytsInCodeTests.swift in Sources */,
			);
			runOnlyForDeploymentPostprocessing = 0;
		};
		328685DF2330AB45009B77EF /* Sources */ = {
			isa = PBXSourcesBuildPhase;
			buildActionMask = 2147483647;
			files = (
				328685E82330AB45009B77EF /* ytsInCodeUITests.swift in Sources */,
			);
			runOnlyForDeploymentPostprocessing = 0;
		};
/* End PBXSourcesBuildPhase section */

/* Begin PBXTargetDependency section */
		328685DA2330AB45009B77EF /* PBXTargetDependency */ = {
			isa = PBXTargetDependency;
			target = 328685C32330AB42009B77EF /* ytsInCode */;
			targetProxy = 328685D92330AB45009B77EF /* PBXContainerItemProxy */;
		};
		328685E52330AB45009B77EF /* PBXTargetDependency */ = {
			isa = PBXTargetDependency;
			target = 328685C32330AB42009B77EF /* ytsInCode */;
			targetProxy = 328685E42330AB45009B77EF /* PBXContainerItemProxy */;
		};
/* End PBXTargetDependency section */

/* Begin PBXVariantGroup section */
		328685D02330AB45009B77EF /* LaunchScreen.storyboard */ = {
			isa = PBXVariantGroup;
			children = (
				328685D12330AB45009B77EF /* Base */,
			);
			name = LaunchScreen.storyboard;
			sourceTree = "<group>";
		};
/* End PBXVariantGroup section */

/* Begin XCBuildConfiguration section */
		328685EA2330AB45009B77EF /* Debug */ = {
			isa = XCBuildConfiguration;
			buildSettings = {
				ALWAYS_SEARCH_USER_PATHS = NO;
				CLANG_ANALYZER_NONNULL = YES;
				CLANG_ANALYZER_NUMBER_OBJECT_CONVERSION = YES_AGGRESSIVE;
				CLANG_CXX_LANGUAGE_STANDARD = "gnu++14";
				CLANG_CXX_LIBRARY = "libc++";
				CLANG_ENABLE_MODULES = YES;
				CLANG_ENABLE_OBJC_ARC = YES;
				CLANG_ENABLE_OBJC_WEAK = YES;
				CLANG_WARN_BLOCK_CAPTURE_AUTORELEASING = YES;
				CLANG_WARN_BOOL_CONVERSION = YES;
				CLANG_WARN_COMMA = YES;
				CLANG_WARN_CONSTANT_CONVERSION = YES;
				CLANG_WARN_DEPRECATED_OBJC_IMPLEMENTATIONS = YES;
				CLANG_WARN_DIRECT_OBJC_ISA_USAGE = YES_ERROR;
				CLANG_WARN_DOCUMENTATION_COMMENTS = YES;
				CLANG_WARN_EMPTY_BODY = YES;
				CLANG_WARN_ENUM_CONVERSION = YES;
				CLANG_WARN_INFINITE_RECURSION = YES;
				CLANG_WARN_INT_CONVERSION = YES;
				CLANG_WARN_NON_LITERAL_NULL_CONVERSION = YES;
				CLANG_WARN_OBJC_IMPLICIT_RETAIN_SELF = YES;
				CLANG_WARN_OBJC_LITERAL_CONVERSION = YES;
				CLANG_WARN_OBJC_ROOT_CLASS = YES_ERROR;
				CLANG_WARN_RANGE_LOOP_ANALYSIS = YES;
				CLANG_WARN_STRICT_PROTOTYPES = YES;
				CLANG_WARN_SUSPICIOUS_MOVE = YES;
				CLANG_WARN_UNGUARDED_AVAILABILITY = YES_AGGRESSIVE;
				CLANG_WARN_UNREACHABLE_CODE = YES;
				CLANG_WARN__DUPLICATE_METHOD_MATCH = YES;
				CODE_SIGN_IDENTITY = "iPhone Developer";
				COPY_PHASE_STRIP = NO;
				DEBUG_INFORMATION_FORMAT = dwarf;
				ENABLE_STRICT_OBJC_MSGSEND = YES;
				ENABLE_TESTABILITY = YES;
				GCC_C_LANGUAGE_STANDARD = gnu11;
				GCC_DYNAMIC_NO_PIC = NO;
				GCC_NO_COMMON_BLOCKS = YES;
				GCC_OPTIMIZATION_LEVEL = 0;
				GCC_PREPROCESSOR_DEFINITIONS = (
					"DEBUG=1",
					"$(inherited)",
				);
				GCC_WARN_64_TO_32_BIT_CONVERSION = YES;
				GCC_WARN_ABOUT_RETURN_TYPE = YES_ERROR;
				GCC_WARN_UNDECLARED_SELECTOR = YES;
				GCC_WARN_UNINITIALIZED_AUTOS = YES_AGGRESSIVE;
				GCC_WARN_UNUSED_FUNCTION = YES;
				GCC_WARN_UNUSED_VARIABLE = YES;
				IPHONEOS_DEPLOYMENT_TARGET = 12.4;
				MTL_ENABLE_DEBUG_INFO = INCLUDE_SOURCE;
				MTL_FAST_MATH = YES;
				ONLY_ACTIVE_ARCH = YES;
				SDKROOT = iphoneos;
				SWIFT_ACTIVE_COMPILATION_CONDITIONS = DEBUG;
				SWIFT_OPTIMIZATION_LEVEL = "-Onone";
			};
			name = Debug;
		};
		328685EB2330AB45009B77EF /* Release */ = {
			isa = XCBuildConfiguration;
			buildSettings = {
				ALWAYS_SEARCH_USER_PATHS = NO;
				CLANG_ANALYZER_NONNULL = YES;
				CLANG_ANALYZER_NUMBER_OBJECT_CONVERSION = YES_AGGRESSIVE;
				CLANG_CXX_LANGUAGE_STANDARD = "gnu++14";
				CLANG_CXX_LIBRARY = "libc++";
				CLANG_ENABLE_MODULES = YES;
				CLANG_ENABLE_OBJC_ARC = YES;
				CLANG_ENABLE_OBJC_WEAK = YES;
				CLANG_WARN_BLOCK_CAPTURE_AUTORELEASING = YES;
				CLANG_WARN_BOOL_CONVERSION = YES;
				CLANG_WARN_COMMA = YES;
				CLANG_WARN_CONSTANT_CONVERSION = YES;
				CLANG_WARN_DEPRECATED_OBJC_IMPLEMENTATIONS = YES;
				CLANG_WARN_DIRECT_OBJC_ISA_USAGE = YES_ERROR;
				CLANG_WARN_DOCUMENTATION_COMMENTS = YES;
				CLANG_WARN_EMPTY_BODY = YES;
				CLANG_WARN_ENUM_CONVERSION = YES;
				CLANG_WARN_INFINITE_RECURSION = YES;
				CLANG_WARN_INT_CONVERSION = YES;
				CLANG_WARN_NON_LITERAL_NULL_CONVERSION = YES;
				CLANG_WARN_OBJC_IMPLICIT_RETAIN_SELF = YES;
				CLANG_WARN_OBJC_LITERAL_CONVERSION = YES;
				CLANG_WARN_OBJC_ROOT_CLASS = YES_ERROR;
				CLANG_WARN_RANGE_LOOP_ANALYSIS = YES;
				CLANG_WARN_STRICT_PROTOTYPES = YES;
				CLANG_WARN_SUSPICIOUS_MOVE = YES;
				CLANG_WARN_UNGUARDED_AVAILABILITY = YES_AGGRESSIVE;
				CLANG_WARN_UNREACHABLE_CODE = YES;
				CLANG_WARN__DUPLICATE_METHOD_MATCH = YES;
				CODE_SIGN_IDENTITY = "iPhone Developer";
				COPY_PHASE_STRIP = NO;
				DEBUG_INFORMATION_FORMAT = "dwarf-with-dsym";
				ENABLE_NS_ASSERTIONS = NO;
				ENABLE_STRICT_OBJC_MSGSEND = YES;
				GCC_C_LANGUAGE_STANDARD = gnu11;
				GCC_NO_COMMON_BLOCKS = YES;
				GCC_WARN_64_TO_32_BIT_CONVERSION = YES;
				GCC_WARN_ABOUT_RETURN_TYPE = YES_ERROR;
				GCC_WARN_UNDECLARED_SELECTOR = YES;
				GCC_WARN_UNINITIALIZED_AUTOS = YES_AGGRESSIVE;
				GCC_WARN_UNUSED_FUNCTION = YES;
				GCC_WARN_UNUSED_VARIABLE = YES;
				IPHONEOS_DEPLOYMENT_TARGET = 12.4;
				MTL_ENABLE_DEBUG_INFO = NO;
				MTL_FAST_MATH = YES;
				SDKROOT = iphoneos;
				SWIFT_COMPILATION_MODE = wholemodule;
				SWIFT_OPTIMIZATION_LEVEL = "-O";
				VALIDATE_PRODUCT = YES;
			};
			name = Release;
		};
		328685ED2330AB45009B77EF /* Debug */ = {
			isa = XCBuildConfiguration;
			baseConfigurationReference = 6F8F50D0D188FBD699E70CCA /* Pods-ytsInCode.debug.xcconfig */;
			buildSettings = {
				ASSETCATALOG_COMPILER_APPICON_NAME = AppIcon;
				CODE_SIGN_STYLE = Automatic;
				DEVELOPMENT_TEAM = MLXYZ7TJ5Q;
				INFOPLIST_FILE = ytsInCode/Info.plist;
				LD_RUNPATH_SEARCH_PATHS = (
					"$(inherited)",
					"@executable_path/Frameworks",
				);
				PRODUCT_BUNDLE_IDENTIFIER = ZyadGalal.ytsInCode;
				PRODUCT_NAME = "$(TARGET_NAME)";
				SWIFT_VERSION = 5.0;
				TARGETED_DEVICE_FAMILY = "1,2";
			};
			name = Debug;
		};
		328685EE2330AB45009B77EF /* Release */ = {
			isa = XCBuildConfiguration;
			baseConfigurationReference = 4523533987F55597B26ACCCB /* Pods-ytsInCode.release.xcconfig */;
			buildSettings = {
				ASSETCATALOG_COMPILER_APPICON_NAME = AppIcon;
				CODE_SIGN_STYLE = Automatic;
				DEVELOPMENT_TEAM = MLXYZ7TJ5Q;
				INFOPLIST_FILE = ytsInCode/Info.plist;
				LD_RUNPATH_SEARCH_PATHS = (
					"$(inherited)",
					"@executable_path/Frameworks",
				);
				PRODUCT_BUNDLE_IDENTIFIER = ZyadGalal.ytsInCode;
				PRODUCT_NAME = "$(TARGET_NAME)";
				SWIFT_VERSION = 5.0;
				TARGETED_DEVICE_FAMILY = "1,2";
			};
			name = Release;
		};
		328685F02330AB45009B77EF /* Debug */ = {
			isa = XCBuildConfiguration;
			baseConfigurationReference = 0F1CD06647C8B5832D02DE0D /* Pods-ytsInCodeTests.debug.xcconfig */;
			buildSettings = {
				ALWAYS_EMBED_SWIFT_STANDARD_LIBRARIES = YES;
				BUNDLE_LOADER = "$(TEST_HOST)";
				CODE_SIGN_STYLE = Automatic;
				INFOPLIST_FILE = ytsInCodeTests/Info.plist;
				LD_RUNPATH_SEARCH_PATHS = (
					"$(inherited)",
					"@executable_path/Frameworks",
					"@loader_path/Frameworks",
				);
				PRODUCT_BUNDLE_IDENTIFIER = ZyadGalal.ytsInCodeTests;
				PRODUCT_NAME = "$(TARGET_NAME)";
				SWIFT_VERSION = 5.0;
				TARGETED_DEVICE_FAMILY = "1,2";
				TEST_HOST = "$(BUILT_PRODUCTS_DIR)/ytsInCode.app/ytsInCode";
			};
			name = Debug;
		};
		328685F12330AB45009B77EF /* Release */ = {
			isa = XCBuildConfiguration;
			baseConfigurationReference = E90B8D80F0E6C4DB87DEA77F /* Pods-ytsInCodeTests.release.xcconfig */;
			buildSettings = {
				ALWAYS_EMBED_SWIFT_STANDARD_LIBRARIES = YES;
				BUNDLE_LOADER = "$(TEST_HOST)";
				CODE_SIGN_STYLE = Automatic;
				INFOPLIST_FILE = ytsInCodeTests/Info.plist;
				LD_RUNPATH_SEARCH_PATHS = (
					"$(inherited)",
					"@executable_path/Frameworks",
					"@loader_path/Frameworks",
				);
				PRODUCT_BUNDLE_IDENTIFIER = ZyadGalal.ytsInCodeTests;
				PRODUCT_NAME = "$(TARGET_NAME)";
				SWIFT_VERSION = 5.0;
				TARGETED_DEVICE_FAMILY = "1,2";
				TEST_HOST = "$(BUILT_PRODUCTS_DIR)/ytsInCode.app/ytsInCode";
			};
			name = Release;
		};
		328685F32330AB45009B77EF /* Debug */ = {
			isa = XCBuildConfiguration;
			baseConfigurationReference = 471B7D194F78EC9DA2A37A4C /* Pods-ytsInCodeUITests.debug.xcconfig */;
			buildSettings = {
				ALWAYS_EMBED_SWIFT_STANDARD_LIBRARIES = YES;
				CODE_SIGN_STYLE = Automatic;
				INFOPLIST_FILE = ytsInCodeUITests/Info.plist;
				LD_RUNPATH_SEARCH_PATHS = (
					"$(inherited)",
					"@executable_path/Frameworks",
					"@loader_path/Frameworks",
				);
				PRODUCT_BUNDLE_IDENTIFIER = ZyadGalal.ytsInCodeUITests;
				PRODUCT_NAME = "$(TARGET_NAME)";
				SWIFT_VERSION = 5.0;
				TARGETED_DEVICE_FAMILY = "1,2";
				TEST_TARGET_NAME = ytsInCode;
			};
			name = Debug;
		};
		328685F42330AB45009B77EF /* Release */ = {
			isa = XCBuildConfiguration;
			baseConfigurationReference = FEBDE40F2F06A4D22C6CDB9F /* Pods-ytsInCodeUITests.release.xcconfig */;
			buildSettings = {
				ALWAYS_EMBED_SWIFT_STANDARD_LIBRARIES = YES;
				CODE_SIGN_STYLE = Automatic;
				INFOPLIST_FILE = ytsInCodeUITests/Info.plist;
				LD_RUNPATH_SEARCH_PATHS = (
					"$(inherited)",
					"@executable_path/Frameworks",
					"@loader_path/Frameworks",
				);
				PRODUCT_BUNDLE_IDENTIFIER = ZyadGalal.ytsInCodeUITests;
				PRODUCT_NAME = "$(TARGET_NAME)";
				SWIFT_VERSION = 5.0;
				TARGETED_DEVICE_FAMILY = "1,2";
				TEST_TARGET_NAME = ytsInCode;
			};
			name = Release;
		};
/* End XCBuildConfiguration section */

/* Begin XCConfigurationList section */
		328685BF2330AB42009B77EF /* Build configuration list for PBXProject "ytsInCode" */ = {
			isa = XCConfigurationList;
			buildConfigurations = (
				328685EA2330AB45009B77EF /* Debug */,
				328685EB2330AB45009B77EF /* Release */,
			);
			defaultConfigurationIsVisible = 0;
			defaultConfigurationName = Release;
		};
		328685EC2330AB45009B77EF /* Build configuration list for PBXNativeTarget "ytsInCode" */ = {
			isa = XCConfigurationList;
			buildConfigurations = (
				328685ED2330AB45009B77EF /* Debug */,
				328685EE2330AB45009B77EF /* Release */,
			);
			defaultConfigurationIsVisible = 0;
			defaultConfigurationName = Release;
		};
		328685EF2330AB45009B77EF /* Build configuration list for PBXNativeTarget "ytsInCodeTests" */ = {
			isa = XCConfigurationList;
			buildConfigurations = (
				328685F02330AB45009B77EF /* Debug */,
				328685F12330AB45009B77EF /* Release */,
			);
			defaultConfigurationIsVisible = 0;
			defaultConfigurationName = Release;
		};
		328685F22330AB45009B77EF /* Build configuration list for PBXNativeTarget "ytsInCodeUITests" */ = {
			isa = XCConfigurationList;
			buildConfigurations = (
				328685F32330AB45009B77EF /* Debug */,
				328685F42330AB45009B77EF /* Release */,
			);
			defaultConfigurationIsVisible = 0;
			defaultConfigurationName = Release;
		};
/* End XCConfigurationList section */
	};
	rootObject = 328685BC2330AB42009B77EF /* Project object */;
}
